
Microsoft Visual Studio Solution File, Format Version 12.00
# Visual Studio Version 17
VisualStudioVersion = 17.9.34622.214
MinimumVisualStudioVersion = 10.0.40219.1
Project("{FAE04EC0-301F-11D3-BF4B-00C04F79EFBC}") = "Together Culture", "Together Culture\Together Culture.csproj", "{EB1FDDBD-D5D8-43D8-9A42-D3A076203B28}"
EndProject
Global
	GlobalSection(SolutionConfigurationPlatforms) = preSolution
		Debug|Any CPU = Debug|Any CPU
		Release|Any CPU = Release|Any CPU
	EndGlobalSection
	GlobalSection(ProjectConfigurationPlatforms) = postSolution
		{EB1FDDBD-D5D8-43D8-9A42-D3A076203B28}.Debug|Any CPU.ActiveCfg = Debug|Any CPU
		{EB1FDDBD-D5D8-43D8-9A42-D3A076203B28}.Debug|Any CPU.Build.0 = Debug|Any CPU
		{EB1FDDBD-D5D8-43D8-9A42-D3A076203B28}.Release|Any CPU.ActiveCfg = Release|Any CPU
		{EB1FDDBD-D5D8-43D8-9A42-D3A076203B28}.Release|Any CPU.Build.0 = Release|Any CPU
	EndGlobalSection
	GlobalSection(SolutionProperties) = preSolution
		HideSolutionNode = FALSE
	EndGlobalSection
	GlobalSection(ExtensibilityGlobals) = postSolution
		SolutionGuid = {91DA76C8-4646-4C81-974B-01B111921494}
	EndGlobalSection
EndGlobal
